
Microsoft Visual Studio Solution File, Format Version 12.00
# Visual Studio 15
VisualStudioVersion = 15.0.28307.852
MinimumVisualStudioVersion = 10.0.40219.1
Project("{FAE04EC0-301F-11D3-BF4B-00C04F79EFBC}") = "Lab1", "Lab1\Lab1.csproj", "{DFA4F5C9-4BB6-4F0F-807F-DB1054A1834E}"
EndProject
Project("{FAE04EC0-301F-11D3-BF4B-00C04F79EFBC}") = "Lab3", "Lab3\Lab3.csproj", "{C0598A19-116F-4FF1-BF9F-BBC71CD3DF1F}"
EndProject
Project("{FAE04EC0-301F-11D3-BF4B-00C04F79EFBC}") = "Lab4", "Lab4\Lab4.csproj", "{F3D57626-261C-4D02-A7A5-1355E33FADFB}"
EndProject
Project("{FAE04EC0-301F-11D3-BF4B-00C04F79EFBC}") = "Lab5", "Lab5\Lab5.csproj", "{988FCFD4-8195-4F4A-A50B-CE48C6DF38DD}"
EndProject
Global
	GlobalSection(SolutionConfigurationPlatforms) = preSolution
		Debug|Any CPU = Debug|Any CPU
		Debug|x64 = Debug|x64
		Debug|x86 = Debug|x86
		Release|Any CPU = Release|Any CPU
		Release|x64 = Release|x64
		Release|x86 = Release|x86
	EndGlobalSection
	GlobalSection(ProjectConfigurationPlatforms) = postSolution
		{DFA4F5C9-4BB6-4F0F-807F-DB1054A1834E}.Debug|Any CPU.ActiveCfg = Debug|Any CPU
		{DFA4F5C9-4BB6-4F0F-807F-DB1054A1834E}.Debug|Any CPU.Build.0 = Debug|Any CPU
		{DFA4F5C9-4BB6-4F0F-807F-DB1054A1834E}.Debug|x64.ActiveCfg = Debug|Any CPU
		{DFA4F5C9-4BB6-4F0F-807F-DB1054A1834E}.Debug|x64.Build.0 = Debug|Any CPU
		{DFA4F5C9-4BB6-4F0F-807F-DB1054A1834E}.Debug|x86.ActiveCfg = Debug|Any CPU
		{DFA4F5C9-4BB6-4F0F-807F-DB1054A1834E}.Debug|x86.Build.0 = Debug|Any CPU
		{DFA4F5C9-4BB6-4F0F-807F-DB1054A1834E}.Release|Any CPU.ActiveCfg = Release|Any CPU
		{DFA4F5C9-4BB6-4F0F-807F-DB1054A1834E}.Release|Any CPU.Build.0 = Release|Any CPU
		{DFA4F5C9-4BB6-4F0F-807F-DB1054A1834E}.Release|x64.ActiveCfg = Release|Any CPU
		{DFA4F5C9-4BB6-4F0F-807F-DB1054A1834E}.Release|x64.Build.0 = Release|Any CPU
		{DFA4F5C9-4BB6-4F0F-807F-DB1054A1834E}.Release|x86.ActiveCfg = Release|Any CPU
		{DFA4F5C9-4BB6-4F0F-807F-DB1054A1834E}.Release|x86.Build.0 = Release|Any CPU
		{C0598A19-116F-4FF1-BF9F-BBC71CD3DF1F}.Debug|Any CPU.ActiveCfg = Debug|Any CPU
		{C0598A19-116F-4FF1-BF9F-BBC71CD3DF1F}.Debug|Any CPU.Build.0 = Debug|Any CPU
		{C0598A19-116F-4FF1-BF9F-BBC71CD3DF1F}.Debug|x64.ActiveCfg = Debug|Any CPU
		{C0598A19-116F-4FF1-BF9F-BBC71CD3DF1F}.Debug|x64.Build.0 = Debug|Any CPU
		{C0598A19-116F-4FF1-BF9F-BBC71CD3DF1F}.Debug|x86.ActiveCfg = Debug|Any CPU
		{C0598A19-116F-4FF1-BF9F-BBC71CD3DF1F}.Debug|x86.Build.0 = Debug|Any CPU
		{C0598A19-116F-4FF1-BF9F-BBC71CD3DF1F}.Release|Any CPU.ActiveCfg = Release|Any CPU
		{C0598A19-116F-4FF1-BF9F-BBC71CD3DF1F}.Release|Any CPU.Build.0 = Release|Any CPU
		{C0598A19-116F-4FF1-BF9F-BBC71CD3DF1F}.Release|x64.ActiveCfg = Release|Any CPU
		{C0598A19-116F-4FF1-BF9F-BBC71CD3DF1F}.Release|x64.Build.0 = Release|Any CPU
		{C0598A19-116F-4FF1-BF9F-BBC71CD3DF1F}.Release|x86.ActiveCfg = Release|Any CPU
		{C0598A19-116F-4FF1-BF9F-BBC71CD3DF1F}.Release|x86.Build.0 = Release|Any CPU
		{F3D57626-261C-4D02-A7A5-1355E33FADFB}.Debug|Any CPU.ActiveCfg = Debug|Any CPU
		{F3D57626-261C-4D02-A7A5-1355E33FADFB}.Debug|Any CPU.Build.0 = Debug|Any CPU
		{F3D57626-261C-4D02-A7A5-1355E33FADFB}.Debug|x64.ActiveCfg = Debug|Any CPU
		{F3D57626-261C-4D02-A7A5-1355E33FADFB}.Debug|x64.Build.0 = Debug|Any CPU
		{F3D57626-261C-4D02-A7A5-1355E33FADFB}.Debug|x86.ActiveCfg = Debug|Any CPU
		{F3D57626-261C-4D02-A7A5-1355E33FADFB}.Debug|x86.Build.0 = Debug|Any CPU
		{F3D57626-261C-4D02-A7A5-1355E33FADFB}.Release|Any CPU.ActiveCfg = Release|Any CPU
		{F3D57626-261C-4D02-A7A5-1355E33FADFB}.Release|Any CPU.Build.0 = Release|Any CPU
		{F3D57626-261C-4D02-A7A5-1355E33FADFB}.Release|x64.ActiveCfg = Release|Any CPU
		{F3D57626-261C-4D02-A7A5-1355E33FADFB}.Release|x64.Build.0 = Release|Any CPU
		{F3D57626-261C-4D02-A7A5-1355E33FADFB}.Release|x86.ActiveCfg = Release|Any CPU
		{F3D57626-261C-4D02-A7A5-1355E33FADFB}.Release|x86.Build.0 = Release|Any CPU
		{988FCFD4-8195-4F4A-A50B-CE48C6DF38DD}.Debug|Any CPU.ActiveCfg = Debug|Any CPU
		{988FCFD4-8195-4F4A-A50B-CE48C6DF38DD}.Debug|Any CPU.Build.0 = Debug|Any CPU
		{988FCFD4-8195-4F4A-A50B-CE48C6DF38DD}.Debug|x64.ActiveCfg = Debug|Any CPU
		{988FCFD4-8195-4F4A-A50B-CE48C6DF38DD}.Debug|x64.Build.0 = Debug|Any CPU
		{988FCFD4-8195-4F4A-A50B-CE48C6DF38DD}.Debug|x86.ActiveCfg = Debug|Any CPU
		{988FCFD4-8195-4F4A-A50B-CE48C6DF38DD}.Debug|x86.Build.0 = Debug|Any CPU
		{988FCFD4-8195-4F4A-A50B-CE48C6DF38DD}.Release|Any CPU.ActiveCfg = Release|Any CPU
		{988FCFD4-8195-4F4A-A50B-CE48C6DF38DD}.Release|Any CPU.Build.0 = Release|Any CPU
		{988FCFD4-8195-4F4A-A50B-CE48C6DF38DD}.Release|x64.ActiveCfg = Release|Any CPU
		{988FCFD4-8195-4F4A-A50B-CE48C6DF38DD}.Release|x64.Build.0 = Release|Any CPU
		{988FCFD4-8195-4F4A-A50B-CE48C6DF38DD}.Release|x86.ActiveCfg = Release|Any CPU
		{988FCFD4-8195-4F4A-A50B-CE48C6DF38DD}.Release|x86.Build.0 = Release|Any CPU
	EndGlobalSection
	GlobalSection(SolutionProperties) = preSolution
		HideSolutionNode = FALSE
	EndGlobalSection
	GlobalSection(ExtensibilityGlobals) = postSolution
		SolutionGuid = {23C9DDE7-94E2-48DA-8370-088B52B17FF5}
	EndGlobalSection
EndGlobal
